
Microsoft Visual Studio Solution File, Format Version 12.00
# Visual Studio 15
VisualStudioVersion = 15.0.27130.2010
MinimumVisualStudioVersion = 10.0.40219.1
Project("{FAE04EC0-301F-11D3-BF4B-00C04F79EFBC}") = "Quantom", "Quantom\Quantom.csproj", "{1E4828A6-F854-4538-8C55-F6706C7A4646}"
EndProject
Global
	GlobalSection(SolutionConfigurationPlatforms) = preSolution
		Debug|Any CPU = Debug|Any CPU
		Debug|x86 = Debug|x86
		Release|Any CPU = Release|Any CPU
		Release|x86 = Release|x86
	EndGlobalSection
	GlobalSection(ProjectConfigurationPlatforms) = postSolution
		{1E4828A6-F854-4538-8C55-F6706C7A4646}.Debug|Any CPU.ActiveCfg = Debug|Any CPU
		{1E4828A6-F854-4538-8C55-F6706C7A4646}.Debug|Any CPU.Build.0 = Debug|Any CPU
		{1E4828A6-F854-4538-8C55-F6706C7A4646}.Debug|x86.ActiveCfg = Debug|Any CPU
		{1E4828A6-F854-4538-8C55-F6706C7A4646}.Debug|x86.Build.0 = Debug|Any CPU
		{1E4828A6-F854-4538-8C55-F6706C7A4646}.Release|Any CPU.ActiveCfg = Release|Any CPU
		{1E4828A6-F854-4538-8C55-F6706C7A4646}.Release|Any CPU.Build.0 = Release|Any CPU
		{1E4828A6-F854-4538-8C55-F6706C7A4646}.Release|x86.ActiveCfg = Release|Any CPU
		{1E4828A6-F854-4538-8C55-F6706C7A4646}.Release|x86.Build.0 = Release|Any CPU
	EndGlobalSection
	GlobalSection(SolutionProperties) = preSolution
		HideSolutionNode = FALSE
	EndGlobalSection
	GlobalSection(ExtensibilityGlobals) = postSolution
		SolutionGuid = {F26648F2-401F-475D-A011-2303132EA614}
	EndGlobalSection
EndGlobal
